Microsoft Visual Studio Solution File, Format Version 12.00
# Visual Studio Version 17
VisualStudioVersion = 17.5.2.0
MinimumVisualStudioVersion = 10.0.40219.1
Project("{FAE04EC0-301F-11D3-BF4B-00C04F79EFBC}") = "back propagation", "back propagation.csproj", "{68E3D4B9-912D-58EA-47B8-9CD35433D9B2}"
EndProject
Global
	GlobalSection(SolutionConfigurationPlatforms) = preSolution
		Debug|Any CPU = Debug|Any CPU
		Release|Any CPU = Release|Any CPU
	EndGlobalSection
	GlobalSection(ProjectConfigurationPlatforms) = postSolution
		{68E3D4B9-912D-58EA-47B8-9CD35433D9B2}.Debug|Any CPU.ActiveCfg = Debug|Any CPU
		{68E3D4B9-912D-58EA-47B8-9CD35433D9B2}.Debug|Any CPU.Build.0 = Debug|Any CPU
		{68E3D4B9-912D-58EA-47B8-9CD35433D9B2}.Release|Any CPU.ActiveCfg = Release|Any CPU
		{68E3D4B9-912D-58EA-47B8-9CD35433D9B2}.Release|Any CPU.Build.0 = Release|Any CPU
	EndGlobalSection
	GlobalSection(SolutionProperties) = preSolution
		HideSolutionNode = FALSE
	EndGlobalSection
	GlobalSection(ExtensibilityGlobals) = postSolution
		SolutionGuid = {43242EAA-86AB-401D-B5E1-2A73998BE845}
	EndGlobalSection
EndGlobal
